
Microsoft Visual Studio Solution File, Format Version 12.00
# Visual Studio Version 16
VisualStudioVersion = 16.0.30320.27
MinimumVisualStudioVersion = 10.0.40219.1
Project("{9A19103F-16F7-4668-BE54-9A1E7A4F7556}") = "KSPAlternateResourcePanel", "KSPAlternateResourcePanel\KSPAlternateResourcePanel.csproj", "{69E93EB0-31BC-425D-85EF-E2DAD0395AD4}"
EndProject
Project("{9A19103F-16F7-4668-BE54-9A1E7A4F7556}") = "KSPAlternateResourcePanel_APITester", "KSPAlternateResourcePanel_APITester\KSPAlternateResourcePanel_APITester.csproj", "{21BAF745-221D-4A44-85C7-2D9E9390CA7C}"
EndProject
Global
	GlobalSection(SolutionConfigurationPlatforms) = preSolution
		Debug|Any CPU = Debug|Any CPU
		Release|Any CPU = Release|Any CPU
	EndGlobalSection
	GlobalSection(ProjectConfigurationPlatforms) = postSolution
		{69E93EB0-31BC-425D-85EF-E2DAD0395AD4}.Debug|Any CPU.ActiveCfg = Debug|Any CPU
		{69E93EB0-31BC-425D-85EF-E2DAD0395AD4}.Debug|Any CPU.Build.0 = Debug|Any CPU
		{69E93EB0-31BC-425D-85EF-E2DAD0395AD4}.Release|Any CPU.ActiveCfg = Release|Any CPU
		{69E93EB0-31BC-425D-85EF-E2DAD0395AD4}.Release|Any CPU.Build.0 = Release|Any CPU
		{21BAF745-221D-4A44-85C7-2D9E9390CA7C}.Debug|Any CPU.ActiveCfg = Debug|Any CPU
		{21BAF745-221D-4A44-85C7-2D9E9390CA7C}.Debug|Any CPU.Build.0 = Debug|Any CPU
		{21BAF745-221D-4A44-85C7-2D9E9390CA7C}.Release|Any CPU.ActiveCfg = Release|Any CPU
		{21BAF745-221D-4A44-85C7-2D9E9390CA7C}.Release|Any CPU.Build.0 = Release|Any CPU
	EndGlobalSection
	GlobalSection(SolutionProperties) = preSolution
		HideSolutionNode = FALSE
	EndGlobalSection
	GlobalSection(ExtensibilityGlobals) = postSolution
		SolutionGuid = {CF1BCEED-977A-4348-ABC5-0DA8F57D2090}
	EndGlobalSection
EndGlobal
